// !$*UTF8*$!
{
	archiveVersion = 1;
	classes = {
	};
	objectVersion = 55;
	objects = {

/* Begin PBXBuildFile section */
		4813AB332966358000C9DF88 /* AppDelegate.swift in Sources */ = {isa = PBXBuildFile; fileRef = 4813AB322966358000C9DF88 /* AppDelegate.swift */; };
		4813AB352966358000C9DF88 /* SceneDelegate.swift in Sources */ = {isa = PBXBuildFile; fileRef = 4813AB342966358000C9DF88 /* SceneDelegate.swift */; };
		4813AB372966358000C9DF88 /* ViewController.swift in Sources */ = {isa = PBXBuildFile; fileRef = 4813AB362966358000C9DF88 /* ViewController.swift */; };
		4813AB3A2966358000C9DF88 /* Main.storyboard in Resources */ = {isa = PBXBuildFile; fileRef = 4813AB382966358000C9DF88 /* Main.storyboard */; };
		4813AB3C2966358200C9DF88 /* Assets.xcassets in Resources */ = {isa = PBXBuildFile; fileRef = 4813AB3B2966358200C9DF88 /* Assets.xcassets */; };
		4813AB3F2966358200C9DF88 /* LaunchScreen.storyboard in Resources */ = {isa = PBXBuildFile; fileRef = 4813AB3D2966358200C9DF88 /* LaunchScreen.storyboard */; };
		4813AB4A2966358200C9DF88 /* ListViewerTests.swift in Sources */ = {isa = PBXBuildFile; fileRef = 4813AB492966358200C9DF88 /* ListViewerTests.swift */; };
		4813AB542966358200C9DF88 /* ListViewerUITests.swift in Sources */ = {isa = PBXBuildFile; fileRef = 4813AB532966358200C9DF88 /* ListViewerUITests.swift */; };
		4813AB562966358200C9DF88 /* ListViewerUITestsLaunchTests.swift in Sources */ = {isa = PBXBuildFile; fileRef = 4813AB552966358200C9DF88 /* ListViewerUITestsLaunchTests.swift */; };
		4813AB6429663F8700C9DF88 /* CatModels.swift in Sources */ = {isa = PBXBuildFile; fileRef = 4813AB6329663F8700C9DF88 /* CatModels.swift */; };
		4813AB6529663F8700C9DF88 /* CatModels.swift in Sources */ = {isa = PBXBuildFile; fileRef = 4813AB6329663F8700C9DF88 /* CatModels.swift */; };
		4872A4362966464200E172B8 /* ListCategoryCell.swift in Sources */ = {isa = PBXBuildFile; fileRef = 4872A4342966464200E172B8 /* ListCategoryCell.swift */; };
		4872A4372966464200E172B8 /* ListCategoryCell.xib in Resources */ = {isa = PBXBuildFile; fileRef = 4872A4352966464200E172B8 /* ListCategoryCell.xib */; };
		4872A43929665CD800E172B8 /* ViewControllerViewModel.swift in Sources */ = {isa = PBXBuildFile; fileRef = 4872A43829665CD800E172B8 /* ViewControllerViewModel.swift */; };
		4872A43A29665CD800E172B8 /* ViewControllerViewModel.swift in Sources */ = {isa = PBXBuildFile; fileRef = 4872A43829665CD800E172B8 /* ViewControllerViewModel.swift */; };
		4872A43C29665D0F00E172B8 /* ListCategoryCellViewModel.swift in Sources */ = {isa = PBXBuildFile; fileRef = 4872A43B29665D0F00E172B8 /* ListCategoryCellViewModel.swift */; };
		4872A43D29665D0F00E172B8 /* ListCategoryCellViewModel.swift in Sources */ = {isa = PBXBuildFile; fileRef = 4872A43B29665D0F00E172B8 /* ListCategoryCellViewModel.swift */; };
		4872A4402966783500E172B8 /* CodableExtensions.swift in Sources */ = {isa = PBXBuildFile; fileRef = 4872A43F2966783500E172B8 /* CodableExtensions.swift */; };
		4872A44429675EA600E172B8 /* ListDetailCell.swift in Sources */ = {isa = PBXBuildFile; fileRef = 4872A44229675EA600E172B8 /* ListDetailCell.swift */; };
		4872A44529675EA600E172B8 /* ListDetailCell.xib in Resources */ = {isa = PBXBuildFile; fileRef = 4872A44329675EA600E172B8 /* ListDetailCell.xib */; };
		4872A447296760BB00E172B8 /* ListDetailCellViewModel.swift in Sources */ = {isa = PBXBuildFile; fileRef = 4872A446296760BB00E172B8 /* ListDetailCellViewModel.swift */; };
		4872A448296760BB00E172B8 /* ListDetailCellViewModel.swift in Sources */ = {isa = PBXBuildFile; fileRef = 4872A446296760BB00E172B8 /* ListDetailCellViewModel.swift */; };
		4872A44B29676C4F00E172B8 /* APICaller.swift in Sources */ = {isa = PBXBuildFile; fileRef = 4872A44A29676C4F00E172B8 /* APICaller.swift */; };
		4872A44C29676C4F00E172B8 /* APICaller.swift in Sources */ = {isa = PBXBuildFile; fileRef = 4872A44A29676C4F00E172B8 /* APICaller.swift */; };
		4872A44E29677C2700E172B8 /* ListDetailData.swift in Sources */ = {isa = PBXBuildFile; fileRef = 4872A44D29677C2700E172B8 /* ListDetailData.swift */; };
		4872A44F29677C2700E172B8 /* ListDetailData.swift in Sources */ = {isa = PBXBuildFile; fileRef = 4872A44D29677C2700E172B8 /* ListDetailData.swift */; };
		4872A4562967873700E172B8 /* ListDetailViewController.swift in Sources */ = {isa = PBXBuildFile; fileRef = 4872A4552967873700E172B8 /* ListDetailViewController.swift */; };
		4872A458296787AC00E172B8 /* ListDetailViewControllerViewModel.swift in Sources */ = {isa = PBXBuildFile; fileRef = 4872A457296787AC00E172B8 /* ListDetailViewControllerViewModel.swift */; };
		4872A459296787AC00E172B8 /* ListDetailViewControllerViewModel.swift in Sources */ = {isa = PBXBuildFile; fileRef = 4872A457296787AC00E172B8 /* ListDetailViewControllerViewModel.swift */; };
		4872A45C29678F4400E172B8 /* ListErrorLogger.swift in Sources */ = {isa = PBXBuildFile; fileRef = 4872A45B29678F4300E172B8 /* ListErrorLogger.swift */; };
		4872A45D29678F4400E172B8 /* ListErrorLogger.swift in Sources */ = {isa = PBXBuildFile; fileRef = 4872A45B29678F4300E172B8 /* ListErrorLogger.swift */; };
/* End PBXBuildFile section */

/* Begin PBXContainerItemProxy section */
		4813AB462966358200C9DF88 /* PBXContainerItemProxy */ = {
			isa = PBXContainerItemProxy;
			containerPortal = 4813AB272966357F00C9DF88 /* Project object */;
			proxyType = 1;
			remoteGlobalIDString = 4813AB2E2966358000C9DF88;
			remoteInfo = ListViewer;
		};
		4813AB502966358200C9DF88 /* PBXContainerItemProxy */ = {
			isa = PBXContainerItemProxy;
			containerPortal = 4813AB272966357F00C9DF88 /* Project object */;
			proxyType = 1;
			remoteGlobalIDString = 4813AB2E2966358000C9DF88;
			remoteInfo = ListViewer;
		};
/* End PBXContainerItemProxy section */

/* Begin PBXFileReference section */
		4813AB2F2966358000C9DF88 /* ListViewer.app */ = {isa = PBXFileReference; explicitFileType = wrapper.application; includeInIndex = 0; path = ListViewer.app; sourceTree = BUILT_PRODUCTS_DIR; };
		4813AB322966358000C9DF88 /* AppDelegate.swift */ = {isa = PBXFileReference; lastKnownFileType = sourcecode.swift; path = AppDelegate.swift; sourceTree = "<group>"; };
		4813AB342966358000C9DF88 /* SceneDelegate.swift */ = {isa = PBXFileReference; lastKnownFileType = sourcecode.swift; path = SceneDelegate.swift; sourceTree = "<group>"; };
		4813AB362966358000C9DF88 /* ViewController.swift */ = {isa = PBXFileReference; lastKnownFileType = sourcecode.swift; path = ViewController.swift; sourceTree = "<group>"; };
		4813AB392966358000C9DF88 /* Base */ = {isa = PBXFileReference; lastKnownFileType = file.storyboard; name = Base; path = Base.lproj/Main.storyboard; sourceTree = "<group>"; };
		4813AB3B2966358200C9DF88 /* Assets.xcassets */ = {isa = PBXFileReference; lastKnownFileType = folder.assetcatalog; path = Assets.xcassets; sourceTree = "<group>"; };
		4813AB3E2966358200C9DF88 /* Base */ = {isa = PBXFileReference; lastKnownFileType = file.storyboard; name = Base; path = Base.lproj/LaunchScreen.storyboard; sourceTree = "<group>"; };
		4813AB402966358200C9DF88 /* Info.plist */ = {isa = PBXFileReference; lastKnownFileType = text.plist.xml; path = Info.plist; sourceTree = "<group>"; };
		4813AB452966358200C9DF88 /* ListViewerTests.xctest */ = {isa = PBXFileReference; explicitFileType = wrapper.cfbundle; includeInIndex = 0; path = ListViewerTests.xctest; sourceTree = BUILT_PRODUCTS_DIR; };
		4813AB492966358200C9DF88 /* ListViewerTests.swift */ = {isa = PBXFileReference; lastKnownFileType = sourcecode.swift; path = ListViewerTests.swift; sourceTree = "<group>"; };
		4813AB4F2966358200C9DF88 /* ListViewerUITests.xctest */ = {isa = PBXFileReference; explicitFileType = wrapper.cfbundle; includeInIndex = 0; path = ListViewerUITests.xctest; sourceTree = BUILT_PRODUCTS_DIR; };
		4813AB532966358200C9DF88 /* ListViewerUITests.swift */ = {isa = PBXFileReference; lastKnownFileType = sourcecode.swift; path = ListViewerUITests.swift; sourceTree = "<group>"; };
		4813AB552966358200C9DF88 /* ListViewerUITestsLaunchTests.swift */ = {isa = PBXFileReference; lastKnownFileType = sourcecode.swift; path = ListViewerUITestsLaunchTests.swift; sourceTree = "<group>"; };
		4813AB6329663F8700C9DF88 /* CatModels.swift */ = {isa = PBXFileReference; lastKnownFileType = sourcecode.swift; path = CatModels.swift; sourceTree = "<group>"; };
		4872A4342966464200E172B8 /* ListCategoryCell.swift */ = {isa = PBXFileReference; lastKnownFileType = sourcecode.swift; path = ListCategoryCell.swift; sourceTree = "<group>"; };
		4872A4352966464200E172B8 /* ListCategoryCell.xib */ = {isa = PBXFileReference; lastKnownFileType = file.xib; path = ListCategoryCell.xib; sourceTree = "<group>"; };
		4872A43829665CD800E172B8 /* ViewControllerViewModel.swift */ = {isa = PBXFileReference; lastKnownFileType = sourcecode.swift; path = ViewControllerViewModel.swift; sourceTree = "<group>"; };
		4872A43B29665D0F00E172B8 /* ListCategoryCellViewModel.swift */ = {isa = PBXFileReference; lastKnownFileType = sourcecode.swift; path = ListCategoryCellViewModel.swift; sourceTree = "<group>"; };
		4872A43F2966783500E172B8 /* CodableExtensions.swift */ = {isa = PBXFileReference; lastKnownFileType = sourcecode.swift; path = CodableExtensions.swift; sourceTree = "<group>"; };
		4872A44229675EA600E172B8 /* ListDetailCell.swift */ = {isa = PBXFileReference; lastKnownFileType = sourcecode.swift; path = ListDetailCell.swift; sourceTree = "<group>"; };
		4872A44329675EA600E172B8 /* ListDetailCell.xib */ = {isa = PBXFileReference; lastKnownFileType = file.xib; path = ListDetailCell.xib; sourceTree = "<group>"; };
		4872A446296760BB00E172B8 /* ListDetailCellViewModel.swift */ = {isa = PBXFileReference; lastKnownFileType = sourcecode.swift; path = ListDetailCellViewModel.swift; sourceTree = "<group>"; };
		4872A44A29676C4F00E172B8 /* APICaller.swift */ = {isa = PBXFileReference; lastKnownFileType = sourcecode.swift; path = APICaller.swift; sourceTree = "<group>"; };
		4872A44D29677C2700E172B8 /* ListDetailData.swift */ = {isa = PBXFileReference; lastKnownFileType = sourcecode.swift; path = ListDetailData.swift; sourceTree = "<group>"; };
		4872A4552967873700E172B8 /* ListDetailViewController.swift */ = {isa = PBXFileReference; lastKnownFileType = sourcecode.swift; path = ListDetailViewController.swift; sourceTree = "<group>"; };
		4872A457296787AC00E172B8 /* ListDetailViewControllerViewModel.swift */ = {isa = PBXFileReference; lastKnownFileType = sourcecode.swift; path = ListDetailViewControllerViewModel.swift; sourceTree = "<group>"; };
		4872A45B29678F4300E172B8 /* ListErrorLogger.swift */ = {isa = PBXFileReference; lastKnownFileType = sourcecode.swift; path = ListErrorLogger.swift; sourceTree = "<group>"; };
/* End PBXFileReference section */

/* Begin PBXFrameworksBuildPhase section */
		4813AB2C2966358000C9DF88 /* Frameworks */ = {
			isa = PBXFrameworksBuildPhase;
			buildActionMask = 2147483647;
			files = (
			);
			runOnlyForDeploymentPostprocessing = 0;
		};
		4813AB422966358200C9DF88 /* Frameworks */ = {
			isa = PBXFrameworksBuildPhase;
			buildActionMask = 2147483647;
			files = (
			);
			runOnlyForDeploymentPostprocessing = 0;
		};
		4813AB4C2966358200C9DF88 /* Frameworks */ = {
			isa = PBXFrameworksBuildPhase;
			buildActionMask = 2147483647;
			files = (
			);
			runOnlyForDeploymentPostprocessing = 0;
		};
/* End PBXFrameworksBuildPhase section */

/* Begin PBXGroup section */
		4813AB262966357F00C9DF88 = {
			isa = PBXGroup;
			children = (
				4813AB312966358000C9DF88 /* ListViewer */,
				4813AB482966358200C9DF88 /* ListViewerTests */,
				4813AB522966358200C9DF88 /* ListViewerUITests */,
				4813AB302966358000C9DF88 /* Products */,
			);
			sourceTree = "<group>";
		};
		4813AB302966358000C9DF88 /* Products */ = {
			isa = PBXGroup;
			children = (
				4813AB2F2966358000C9DF88 /* ListViewer.app */,
				4813AB452966358200C9DF88 /* ListViewerTests.xctest */,
				4813AB4F2966358200C9DF88 /* ListViewerUITests.xctest */,
			);
			name = Products;
			sourceTree = "<group>";
		};
		4813AB312966358000C9DF88 /* ListViewer */ = {
			isa = PBXGroup;
			children = (
				4872A45A29678F2900E172B8 /* Logging And Debugging */,
				4872A44929676C0A00E172B8 /* Networking */,
				4872A43E2966782000E172B8 /* Extensions */,
				4813AB662966441200C9DF88 /* ListCells */,
				4813AB6229663F2B00C9DF88 /* Models */,
				4813AB322966358000C9DF88 /* AppDelegate.swift */,
				4813AB342966358000C9DF88 /* SceneDelegate.swift */,
				4813AB362966358000C9DF88 /* ViewController.swift */,
				4872A43829665CD800E172B8 /* ViewControllerViewModel.swift */,
				4813AB382966358000C9DF88 /* Main.storyboard */,
				4872A4552967873700E172B8 /* ListDetailViewController.swift */,
				4872A457296787AC00E172B8 /* ListDetailViewControllerViewModel.swift */,
				4813AB3B2966358200C9DF88 /* Assets.xcassets */,
				4813AB3D2966358200C9DF88 /* LaunchScreen.storyboard */,
				4813AB402966358200C9DF88 /* Info.plist */,
			);
			path = ListViewer;
			sourceTree = "<group>";
		};
		4813AB482966358200C9DF88 /* ListViewerTests */ = {
			isa = PBXGroup;
			children = (
				4813AB492966358200C9DF88 /* ListViewerTests.swift */,
			);
			path = ListViewerTests;
			sourceTree = "<group>";
		};
		4813AB522966358200C9DF88 /* ListViewerUITests */ = {
			isa = PBXGroup;
			children = (
				4813AB532966358200C9DF88 /* ListViewerUITests.swift */,
				4813AB552966358200C9DF88 /* ListViewerUITestsLaunchTests.swift */,
			);
			path = ListViewerUITests;
			sourceTree = "<group>";
		};
		4813AB6229663F2B00C9DF88 /* Models */ = {
			isa = PBXGroup;
			children = (
				4813AB6329663F8700C9DF88 /* CatModels.swift */,
				4872A44D29677C2700E172B8 /* ListDetailData.swift */,
			);
			path = Models;
			sourceTree = "<group>";
		};
		4813AB662966441200C9DF88 /* ListCells */ = {
			isa = PBXGroup;
			children = (
				4872A44129675E8B00E172B8 /* ListDetailCell */,
				4813AB6D2966448800C9DF88 /* ListCategoryCell */,
			);
			path = ListCells;
			sourceTree = "<group>";
		};
		4813AB6D2966448800C9DF88 /* ListCategoryCell */ = {
			isa = PBXGroup;
			children = (
				4872A4342966464200E172B8 /* ListCategoryCell.swift */,
				4872A4352966464200E172B8 /* ListCategoryCell.xib */,
				4872A43B29665D0F00E172B8 /* ListCategoryCellViewModel.swift */,
			);
			path = ListCategoryCell;
			sourceTree = "<group>";
		};
		4872A43E2966782000E172B8 /* Extensions */ = {
			isa = PBXGroup;
			children = (
				4872A43F2966783500E172B8 /* CodableExtensions.swift */,
			);
			path = Extensions;
			sourceTree = "<group>";
		};
		4872A44129675E8B00E172B8 /* ListDetailCell */ = {
			isa = PBXGroup;
			children = (
				4872A44229675EA600E172B8 /* ListDetailCell.swift */,
				4872A44329675EA600E172B8 /* ListDetailCell.xib */,
				4872A446296760BB00E172B8 /* ListDetailCellViewModel.swift */,
			);
			path = ListDetailCell;
			sourceTree = "<group>";
		};
		4872A44929676C0A00E172B8 /* Networking */ = {
			isa = PBXGroup;
			children = (
				4872A44A29676C4F00E172B8 /* APICaller.swift */,
			);
			path = Networking;
			sourceTree = "<group>";
		};
		4872A45A29678F2900E172B8 /* Logging And Debugging */ = {
			isa = PBXGroup;
			children = (
				4872A45B29678F4300E172B8 /* ListErrorLogger.swift */,
			);
			path = "Logging And Debugging";
			sourceTree = "<group>";
		};
/* End PBXGroup section */

/* Begin PBXNativeTarget section */
		4813AB2E2966358000C9DF88 /* ListViewer */ = {
			isa = PBXNativeTarget;
			buildConfigurationList = 4813AB592966358200C9DF88 /* Build configuration list for PBXNativeTarget "ListViewer" */;
			buildPhases = (
				4813AB2B2966358000C9DF88 /* Sources */,
				4813AB2C2966358000C9DF88 /* Frameworks */,
				4813AB2D2966358000C9DF88 /* Resources */,
			);
			buildRules = (
			);
			dependencies = (
			);
			name = ListViewer;
			productName = ListViewer;
			productReference = 4813AB2F2966358000C9DF88 /* ListViewer.app */;
			productType = "com.apple.product-type.application";
		};
		4813AB442966358200C9DF88 /* ListViewerTests */ = {
			isa = PBXNativeTarget;
			buildConfigurationList = 4813AB5C2966358200C9DF88 /* Build configuration list for PBXNativeTarget "ListViewerTests" */;
			buildPhases = (
				4813AB412966358200C9DF88 /* Sources */,
				4813AB422966358200C9DF88 /* Frameworks */,
				4813AB432966358200C9DF88 /* Resources */,
			);
			buildRules = (
			);
			dependencies = (
				4813AB472966358200C9DF88 /* PBXTargetDependency */,
			);
			name = ListViewerTests;
			productName = ListViewerTests;
			productReference = 4813AB452966358200C9DF88 /* ListViewerTests.xctest */;
			productType = "com.apple.product-type.bundle.unit-test";
		};
		4813AB4E2966358200C9DF88 /* ListViewerUITests */ = {
			isa = PBXNativeTarget;
			buildConfigurationList = 4813AB5F2966358200C9DF88 /* Build configuration list for PBXNativeTarget "ListViewerUITests" */;
			buildPhases = (
				4813AB4B2966358200C9DF88 /* Sources */,
				4813AB4C2966358200C9DF88 /* Frameworks */,
				4813AB4D2966358200C9DF88 /* Resources */,
			);
			buildRules = (
			);
			dependencies = (
				4813AB512966358200C9DF88 /* PBXTargetDependency */,
			);
			name = ListViewerUITests;
			productName = ListViewerUITests;
			productReference = 4813AB4F2966358200C9DF88 /* ListViewerUITests.xctest */;
			productType = "com.apple.product-type.bundle.ui-testing";
		};
/* End PBXNativeTarget section */

/* Begin PBXProject section */
		4813AB272966357F00C9DF88 /* Project object */ = {
			isa = PBXProject;
			attributes = {
				BuildIndependentTargetsInParallel = 1;
				LastSwiftUpdateCheck = 1340;
				LastUpgradeCheck = 1340;
				TargetAttributes = {
					4813AB2E2966358000C9DF88 = {
						CreatedOnToolsVersion = 13.4.1;
					};
					4813AB442966358200C9DF88 = {
						CreatedOnToolsVersion = 13.4.1;
						TestTargetID = 4813AB2E2966358000C9DF88;
					};
					4813AB4E2966358200C9DF88 = {
						CreatedOnToolsVersion = 13.4.1;
						TestTargetID = 4813AB2E2966358000C9DF88;
					};
				};
			};
			buildConfigurationList = 4813AB2A2966358000C9DF88 /* Build configuration list for PBXProject "ListViewer" */;
			compatibilityVersion = "Xcode 13.0";
			developmentRegion = en;
			hasScannedForEncodings = 0;
			knownRegions = (
				en,
				Base,
			);
			mainGroup = 4813AB262966357F00C9DF88;
			productRefGroup = 4813AB302966358000C9DF88 /* Products */;
			projectDirPath = "";
			projectRoot = "";
			targets = (
				4813AB2E2966358000C9DF88 /* ListViewer */,
				4813AB442966358200C9DF88 /* ListViewerTests */,
				4813AB4E2966358200C9DF88 /* ListViewerUITests */,
			);
		};
/* End PBXProject section */

/* Begin PBXResourcesBuildPhase section */
		4813AB2D2966358000C9DF88 /* Resources */ = {
			isa = PBXResourcesBuildPhase;
			buildActionMask = 2147483647;
			files = (
				4813AB3F2966358200C9DF88 /* LaunchScreen.storyboard in Resources */,
				4872A44529675EA600E172B8 /* ListDetailCell.xib in Resources */,
				4813AB3C2966358200C9DF88 /* Assets.xcassets in Resources */,
				4813AB3A2966358000C9DF88 /* Main.storyboard in Resources */,
				4872A4372966464200E172B8 /* ListCategoryCell.xib in Resources */,
			);
			runOnlyForDeploymentPostprocessing = 0;
		};
		4813AB432966358200C9DF88 /* Resources */ = {
			isa = PBXResourcesBuildPhase;
			buildActionMask = 2147483647;
			files = (
			);
			runOnlyForDeploymentPostprocessing = 0;
		};
		4813AB4D2966358200C9DF88 /* Resources */ = {
			isa = PBXResourcesBuildPhase;
			buildActionMask = 2147483647;
			files = (
			);
			runOnlyForDeploymentPostprocessing = 0;
		};
/* End PBXResourcesBuildPhase section */

/* Begin PBXSourcesBuildPhase section */
		4813AB2B2966358000C9DF88 /* Sources */ = {
			isa = PBXSourcesBuildPhase;
			buildActionMask = 2147483647;
			files = (
				4872A44E29677C2700E172B8 /* ListDetailData.swift in Sources */,
				4813AB372966358000C9DF88 /* ViewController.swift in Sources */,
				4872A43C29665D0F00E172B8 /* ListCategoryCellViewModel.swift in Sources */,
				4872A45C29678F4400E172B8 /* ListErrorLogger.swift in Sources */,
				4872A43929665CD800E172B8 /* ViewControllerViewModel.swift in Sources */,
				4872A4362966464200E172B8 /* ListCategoryCell.swift in Sources */,
				4872A4402966783500E172B8 /* CodableExtensions.swift in Sources */,
				4872A458296787AC00E172B8 /* ListDetailViewControllerViewModel.swift in Sources */,
				4813AB332966358000C9DF88 /* AppDelegate.swift in Sources */,
				4813AB6429663F8700C9DF88 /* CatModels.swift in Sources */,
				4813AB352966358000C9DF88 /* SceneDelegate.swift in Sources */,
				4872A44B29676C4F00E172B8 /* APICaller.swift in Sources */,
				4872A4562967873700E172B8 /* ListDetailViewController.swift in Sources */,
				4872A44429675EA600E172B8 /* ListDetailCell.swift in Sources */,
				4872A447296760BB00E172B8 /* ListDetailCellViewModel.swift in Sources */,
			);
			runOnlyForDeploymentPostprocessing = 0;
		};
		4813AB412966358200C9DF88 /* Sources */ = {
			isa = PBXSourcesBuildPhase;
			buildActionMask = 2147483647;
			files = (
				4872A43D29665D0F00E172B8 /* ListCategoryCellViewModel.swift in Sources */,
				4872A44C29676C4F00E172B8 /* APICaller.swift in Sources */,
				4813AB6529663F8700C9DF88 /* CatModels.swift in Sources */,
				4872A45D29678F4400E172B8 /* ListErrorLogger.swift in Sources */,
				4872A43A29665CD800E172B8 /* ViewControllerViewModel.swift in Sources */,
				4872A459296787AC00E172B8 /* ListDetailViewControllerViewModel.swift in Sources */,
				4813AB4A2966358200C9DF88 /* ListViewerTests.swift in Sources */,
				4872A448296760BB00E172B8 /* ListDetailCellViewModel.swift in Sources */,
				4872A44F29677C2700E172B8 /* ListDetailData.swift in Sources */,
			);
			runOnlyForDeploymentPostprocessing = 0;
		};
		4813AB4B2966358200C9DF88 /* Sources */ = {
			isa = PBXSourcesBuildPhase;
			buildActionMask = 2147483647;
			files = (
				4813AB562966358200C9DF88 /* ListViewerUITestsLaunchTests.swift in Sources */,
				4813AB542966358200C9DF88 /* ListViewerUITests.swift in Sources */,
			);
			runOnlyForDeploymentPostprocessing = 0;
		};
/* End PBXSourcesBuildPhase section */

/* Begin PBXTargetDependency section */
		4813AB472966358200C9DF88 /* PBXTargetDependency */ = {
			isa = PBXTargetDependency;
			target = 4813AB2E2966358000C9DF88 /* ListViewer */;
			targetProxy = 4813AB462966358200C9DF88 /* PBXContainerItemProxy */;
		};
		4813AB512966358200C9DF88 /* PBXTargetDependency */ = {
			isa = PBXTargetDependency;
			target = 4813AB2E2966358000C9DF88 /* ListViewer */;
			targetProxy = 4813AB502966358200C9DF88 /* PBXContainerItemProxy */;
		};
/* End PBXTargetDependency section */

/* Begin PBXVariantGroup section */
		4813AB382966358000C9DF88 /* Main.storyboard */ = {
			isa = PBXVariantGroup;
			children = (
				4813AB392966358000C9DF88 /* Base */,
			);
			name = Main.storyboard;
			sourceTree = "<group>";
		};
		4813AB3D2966358200C9DF88 /* LaunchScreen.storyboard */ = {
			isa = PBXVariantGroup;
			children = (
				4813AB3E2966358200C9DF88 /* Base */,
			);
			name = LaunchScreen.storyboard;
			sourceTree = "<group>";
		};
/* End PBXVariantGroup section */

/* Begin XCBuildConfiguration section */
		4813AB572966358200C9DF88 /* Debug */ = {
			isa = XCBuildConfiguration;
			buildSettings = {
				ALWAYS_SEARCH_USER_PATHS = NO;
				CLANG_ANALYZER_NONNULL = YES;
				CLANG_ANALYZER_NUMBER_OBJECT_CONVERSION = YES_AGGRESSIVE;
				CLANG_CXX_LANGUAGE_STANDARD = "gnu++17";
				CLANG_ENABLE_MODULES = YES;
				CLANG_ENABLE_OBJC_ARC = YES;
				CLANG_ENABLE_OBJC_WEAK = YES;
				CLANG_WARN_BLOCK_CAPTURE_AUTORELEASING = YES;
				CLANG_WARN_BOOL_CONVERSION = YES;
				CLANG_WARN_COMMA = YES;
				CLANG_WARN_CONSTANT_CONVERSION = YES;
				CLANG_WARN_DEPRECATED_OBJC_IMPLEMENTATIONS = YES;
				CLANG_WARN_DIRECT_OBJC_ISA_USAGE = YES_ERROR;
				CLANG_WARN_DOCUMENTATION_COMMENTS = YES;
				CLANG_WARN_EMPTY_BODY = YES;
				CLANG_WARN_ENUM_CONVERSION = YES;
				CLANG_WARN_INFINITE_RECURSION = YES;
				CLANG_WARN_INT_CONVERSION = YES;
				CLANG_WARN_NON_LITERAL_NULL_CONVERSION = YES;
				CLANG_WARN_OBJC_IMPLICIT_RETAIN_SELF = YES;
				CLANG_WARN_OBJC_LITERAL_CONVERSION = YES;
				CLANG_WARN_OBJC_ROOT_CLASS = YES_ERROR;
				CLANG_WARN_QUOTED_INCLUDE_IN_FRAMEWORK_HEADER = YES;
				CLANG_WARN_RANGE_LOOP_ANALYSIS = YES;
				CLANG_WARN_STRICT_PROTOTYPES = YES;
				CLANG_WARN_SUSPICIOUS_MOVE = YES;
				CLANG_WARN_UNGUARDED_AVAILABILITY = YES_AGGRESSIVE;
				CLANG_WARN_UNREACHABLE_CODE = YES;
				CLANG_WARN__DUPLICATE_METHOD_MATCH = YES;
				COPY_PHASE_STRIP = NO;
				DEBUG_INFORMATION_FORMAT = dwarf;
				ENABLE_STRICT_OBJC_MSGSEND = YES;
				ENABLE_TESTABILITY = YES;
				GCC_C_LANGUAGE_STANDARD = gnu11;
				GCC_DYNAMIC_NO_PIC = NO;
				GCC_NO_COMMON_BLOCKS = YES;
				GCC_OPTIMIZATION_LEVEL = 0;
				GCC_PREPROCESSOR_DEFINITIONS = (
					"DEBUG=1",
					"$(inherited)",
				);
				GCC_WARN_64_TO_32_BIT_CONVERSION = YES;
				GCC_WARN_ABOUT_RETURN_TYPE = YES_ERROR;
				GCC_WARN_UNDECLARED_SELECTOR = YES;
				GCC_WARN_UNINITIALIZED_AUTOS = YES_AGGRESSIVE;
				GCC_WARN_UNUSED_FUNCTION = YES;
				GCC_WARN_UNUSED_VARIABLE = YES;
				IPHONEOS_DEPLOYMENT_TARGET = 15.5;
				MTL_ENABLE_DEBUG_INFO = INCLUDE_SOURCE;
				MTL_FAST_MATH = YES;
				ONLY_ACTIVE_ARCH = YES;
				SDKROOT = iphoneos;
				SWIFT_ACTIVE_COMPILATION_CONDITIONS = DEBUG;
				SWIFT_OPTIMIZATION_LEVEL = "-Onone";
			};
			name = Debug;
		};
		4813AB582966358200C9DF88 /* Release */ = {
			isa = XCBuildConfiguration;
			buildSettings = {
				ALWAYS_SEARCH_USER_PATHS = NO;
				CLANG_ANALYZER_NONNULL = YES;
				CLANG_ANALYZER_NUMBER_OBJECT_CONVERSION = YES_AGGRESSIVE;
				CLANG_CXX_LANGUAGE_STANDARD = "gnu++17";
				CLANG_ENABLE_MODULES = YES;
				CLANG_ENABLE_OBJC_ARC = YES;
				CLANG_ENABLE_OBJC_WEAK = YES;
				CLANG_WARN_BLOCK_CAPTURE_AUTORELEASING = YES;
				CLANG_WARN_BOOL_CONVERSION = YES;
				CLANG_WARN_COMMA = YES;
				CLANG_WARN_CONSTANT_CONVERSION = YES;
				CLANG_WARN_DEPRECATED_OBJC_IMPLEMENTATIONS = YES;
				CLANG_WARN_DIRECT_OBJC_ISA_USAGE = YES_ERROR;
				CLANG_WARN_DOCUMENTATION_COMMENTS = YES;
				CLANG_WARN_EMPTY_BODY = YES;
				CLANG_WARN_ENUM_CONVERSION = YES;
				CLANG_WARN_INFINITE_RECURSION = YES;
				CLANG_WARN_INT_CONVERSION = YES;
				CLANG_WARN_NON_LITERAL_NULL_CONVERSION = YES;
				CLANG_WARN_OBJC_IMPLICIT_RETAIN_SELF = YES;
				CLANG_WARN_OBJC_LITERAL_CONVERSION = YES;
				CLANG_WARN_OBJC_ROOT_CLASS = YES_ERROR;
				CLANG_WARN_QUOTED_INCLUDE_IN_FRAMEWORK_HEADER = YES;
				CLANG_WARN_RANGE_LOOP_ANALYSIS = YES;
				CLANG_WARN_STRICT_PROTOTYPES = YES;
				CLANG_WARN_SUSPICIOUS_MOVE = YES;
				CLANG_WARN_UNGUARDED_AVAILABILITY = YES_AGGRESSIVE;
				CLANG_WARN_UNREACHABLE_CODE = YES;
				CLANG_WARN__DUPLICATE_METHOD_MATCH = YES;
				COPY_PHASE_STRIP = NO;
				DEBUG_INFORMATION_FORMAT = "dwarf-with-dsym";
				ENABLE_NS_ASSERTIONS = NO;
				ENABLE_STRICT_OBJC_MSGSEND = YES;
				GCC_C_LANGUAGE_STANDARD = gnu11;
				GCC_NO_COMMON_BLOCKS = YES;
				GCC_WARN_64_TO_32_BIT_CONVERSION = YES;
				GCC_WARN_ABOUT_RETURN_TYPE = YES_ERROR;
				GCC_WARN_UNDECLARED_SELECTOR = YES;
				GCC_WARN_UNINITIALIZED_AUTOS = YES_AGGRESSIVE;
				GCC_WARN_UNUSED_FUNCTION = YES;
				GCC_WARN_UNUSED_VARIABLE = YES;
				IPHONEOS_DEPLOYMENT_TARGET = 15.5;
				MTL_ENABLE_DEBUG_INFO = NO;
				MTL_FAST_MATH = YES;
				SDKROOT = iphoneos;
				SWIFT_COMPILATION_MODE = wholemodule;
				SWIFT_OPTIMIZATION_LEVEL = "-O";
				VALIDATE_PRODUCT = YES;
			};
			name = Release;
		};
		4813AB5A2966358200C9DF88 /* Debug */ = {
			isa = XCBuildConfiguration;
			buildSettings = {
				ASSETCATALOG_COMPILER_APPICON_NAME = AppIcon;
				ASSETCATALOG_COMPILER_GLOBAL_ACCENT_COLOR_NAME = AccentColor;
				CODE_SIGN_STYLE = Automatic;
				CURRENT_PROJECT_VERSION = 1;
				GENERATE_INFOPLIST_FILE = YES;
				INFOPLIST_FILE = ListViewer/Info.plist;
				INFOPLIST_KEY_UIApplicationSupportsIndirectInputEvents = YES;
				INFOPLIST_KEY_UILaunchStoryboardName = LaunchScreen;
				INFOPLIST_KEY_UIMainStoryboardFile = Main;
				INFOPLIST_KEY_UISupportedInterfaceOrientations_iPad = "UIInterfaceOrientationPortrait UIInterfaceOrientationPortraitUpsideDown UIInterfaceOrientationLandscapeLeft UIInterfaceOrientationLandscapeRight";
				INFOPLIST_KEY_UISupportedInterfaceOrientations_iPhone = "UIInterfaceOrientationPortrait UIInterfaceOrientationLandscapeLeft UIInterfaceOrientationLandscapeRight";
				LD_RUNPATH_SEARCH_PATHS = (
					"$(inherited)",
					"@executable_path/Frameworks",
				);
				MARKETING_VERSION = 1.0;
				PRODUCT_BUNDLE_IDENTIFIER = testCorp.ListViewer;
				PRODUCT_NAME = "$(TARGET_NAME)";
				SWIFT_EMIT_LOC_STRINGS = YES;
				SWIFT_VERSION = 5.0;
				TARGETED_DEVICE_FAMILY = "1,2";
			};
			name = Debug;
		};
		4813AB5B2966358200C9DF88 /* Release */ = {
			isa = XCBuildConfiguration;
			buildSettings = {
				ASSETCATALOG_COMPILER_APPICON_NAME = AppIcon;
				ASSETCATALOG_COMPILER_GLOBAL_ACCENT_COLOR_NAME = AccentColor;
				CODE_SIGN_STYLE = Automatic;
				CURRENT_PROJECT_VERSION = 1;
				GENERATE_INFOPLIST_FILE = YES;
				INFOPLIST_FILE = ListViewer/Info.plist;
				INFOPLIST_KEY_UIApplicationSupportsIndirectInputEvents = YES;
				INFOPLIST_KEY_UILaunchStoryboardName = LaunchScreen;
				INFOPLIST_KEY_UIMainStoryboardFile = Main;
				INFOPLIST_KEY_UISupportedInterfaceOrientations_iPad = "UIInterfaceOrientationPortrait UIInterfaceOrientationPortraitUpsideDown UIInterfaceOrientationLandscapeLeft UIInterfaceOrientationLandscapeRight";
				INFOPLIST_KEY_UISupportedInterfaceOrientations_iPhone = "UIInterfaceOrientationPortrait UIInterfaceOrientationLandscapeLeft UIInterfaceOrientationLandscapeRight";
				LD_RUNPATH_SEARCH_PATHS = (
					"$(inherited)",
					"@executable_path/Frameworks",
				);
				MARKETING_VERSION = 1.0;
				PRODUCT_BUNDLE_IDENTIFIER = testCorp.ListViewer;
				PRODUCT_NAME = "$(TARGET_NAME)";
				SWIFT_EMIT_LOC_STRINGS = YES;
				SWIFT_VERSION = 5.0;
				TARGETED_DEVICE_FAMILY = "1,2";
			};
			name = Release;
		};
		4813AB5D2966358200C9DF88 /* Debug */ = {
			isa = XCBuildConfiguration;
			buildSettings = {
				ALWAYS_EMBED_SWIFT_STANDARD_LIBRARIES = YES;
				BUNDLE_LOADER = "$(TEST_HOST)";
				CODE_SIGN_STYLE = Automatic;
				CURRENT_PROJECT_VERSION = 1;
				GENERATE_INFOPLIST_FILE = YES;
				IPHONEOS_DEPLOYMENT_TARGET = 15.5;
				MARKETING_VERSION = 1.0;
				PRODUCT_BUNDLE_IDENTIFIER = testCorp.ListViewerTests;
				PRODUCT_NAME = "$(TARGET_NAME)";
				SWIFT_EMIT_LOC_STRINGS = NO;
				SWIFT_VERSION = 5.0;
				TARGETED_DEVICE_FAMILY = "1,2";
				TEST_HOST = "$(BUILT_PRODUCTS_DIR)/ListViewer.app/ListViewer";
			};
			name = Debug;
		};
		4813AB5E2966358200C9DF88 /* Release */ = {
			isa = XCBuildConfiguration;
			buildSettings = {
				ALWAYS_EMBED_SWIFT_STANDARD_LIBRARIES = YES;
				BUNDLE_LOADER = "$(TEST_HOST)";
				CODE_SIGN_STYLE = Automatic;
				CURRENT_PROJECT_VERSION = 1;
				GENERATE_INFOPLIST_FILE = YES;
				IPHONEOS_DEPLOYMENT_TARGET = 15.5;
				MARKETING_VERSION = 1.0;
				PRODUCT_BUNDLE_IDENTIFIER = testCorp.ListViewerTests;
				PRODUCT_NAME = "$(TARGET_NAME)";
				SWIFT_EMIT_LOC_STRINGS = NO;
				SWIFT_VERSION = 5.0;
				TARGETED_DEVICE_FAMILY = "1,2";
				TEST_HOST = "$(BUILT_PRODUCTS_DIR)/ListViewer.app/ListViewer";
			};
			name = Release;
		};
		4813AB602966358200C9DF88 /* Debug */ = {
			isa = XCBuildConfiguration;
			buildSettings = {
				ALWAYS_EMBED_SWIFT_STANDARD_LIBRARIES = YES;
				CODE_SIGN_STYLE = Automatic;
				CURRENT_PROJECT_VERSION = 1;
				GENERATE_INFOPLIST_FILE = YES;
				MARKETING_VERSION = 1.0;
				PRODUCT_BUNDLE_IDENTIFIER = testCorp.ListViewerUITests;
				PRODUCT_NAME = "$(TARGET_NAME)";
				SWIFT_EMIT_LOC_STRINGS = NO;
				SWIFT_VERSION = 5.0;
				TARGETED_DEVICE_FAMILY = "1,2";
				TEST_TARGET_NAME = ListViewer;
			};
			name = Debug;
		};
		4813AB612966358200C9DF88 /* Release */ = {
			isa = XCBuildConfiguration;
			buildSettings = {
				ALWAYS_EMBED_SWIFT_STANDARD_LIBRARIES = YES;
				CODE_SIGN_STYLE = Automatic;
				CURRENT_PROJECT_VERSION = 1;
				GENERATE_INFOPLIST_FILE = YES;
				MARKETING_VERSION = 1.0;
				PRODUCT_BUNDLE_IDENTIFIER = testCorp.ListViewerUITests;
				PRODUCT_NAME = "$(TARGET_NAME)";
				SWIFT_EMIT_LOC_STRINGS = NO;
				SWIFT_VERSION = 5.0;
				TARGETED_DEVICE_FAMILY = "1,2";
				TEST_TARGET_NAME = ListViewer;
			};
			name = Release;
		};
/* End XCBuildConfiguration section */

/* Begin XCConfigurationList section */
		4813AB2A2966358000C9DF88 /* Build configuration list for PBXProject "ListViewer" */ = {
			isa = XCConfigurationList;
			buildConfigurations = (
				4813AB572966358200C9DF88 /* Debug */,
				4813AB582966358200C9DF88 /* Release */,
			);
			defaultConfigurationIsVisible = 0;
			defaultConfigurationName = Release;
		};
		4813AB592966358200C9DF88 /* Build configuration list for PBXNativeTarget "ListViewer" */ = {
			isa = XCConfigurationList;
			buildConfigurations = (
				4813AB5A2966358200C9DF88 /* Debug */,
				4813AB5B2966358200C9DF88 /* Release */,
			);
			defaultConfigurationIsVisible = 0;
			defaultConfigurationName = Release;
		};
		4813AB5C2966358200C9DF88 /* Build configuration list for PBXNativeTarget "ListViewerTests" */ = {
			isa = XCConfigurationList;
			buildConfigurations = (
				4813AB5D2966358200C9DF88 /* Debug */,
				4813AB5E2966358200C9DF88 /* Release */,
			);
			defaultConfigurationIsVisible = 0;
			defaultConfigurationName = Release;
		};
		4813AB5F2966358200C9DF88 /* Build configuration list for PBXNativeTarget "ListViewerUITests" */ = {
			isa = XCConfigurationList;
			buildConfigurations = (
				4813AB602966358200C9DF88 /* Debug */,
				4813AB612966358200C9DF88 /* Release */,
			);
			defaultConfigurationIsVisible = 0;
			defaultConfigurationName = Release;
		};
/* End XCConfigurationList section */
	};
	rootObject = 4813AB272966357F00C9DF88 /* Project object */;
}
